
Microsoft Visual Studio Solution File, Format Version 12.00
# Visual Studio Version 16
VisualStudioVersion = 16.0.30621.155
MinimumVisualStudioVersion = 10.0.40219.1
Project("{FAE04EC0-301F-11D3-BF4B-00C04F79EFBC}") = "ZTPProject", "ZTPProject\ZTPProject.csproj", "{977767E6-F58C-49A7-B6C6-55D5D5A2D2A8}"
EndProject
Global
	GlobalSection(SolutionConfigurationPlatforms) = preSolution
		Debug|Any CPU = Debug|Any CPU
		Release|Any CPU = Release|Any CPU
	EndGlobalSection
	GlobalSection(ProjectConfigurationPlatforms) = postSolution
		{977767E6-F58C-49A7-B6C6-55D5D5A2D2A8}.Debug|Any CPU.ActiveCfg = Debug|Any CPU
		{977767E6-F58C-49A7-B6C6-55D5D5A2D2A8}.Debug|Any CPU.Build.0 = Debug|Any CPU
		{977767E6-F58C-49A7-B6C6-55D5D5A2D2A8}.Release|Any CPU.ActiveCfg = Release|Any CPU
		{977767E6-F58C-49A7-B6C6-55D5D5A2D2A8}.Release|Any CPU.Build.0 = Release|Any CPU
	EndGlobalSection
	GlobalSection(SolutionProperties) = preSolution
		HideSolutionNode = FALSE
	EndGlobalSection
	GlobalSection(ExtensibilityGlobals) = postSolution
		SolutionGuid = {76CB407C-FD75-468C-98DD-3F8F3C7C34E5}
	EndGlobalSection
EndGlobal
